// !$*UTF8*$!
{
	archiveVersion = 1;
	classes = {
	};
	objectVersion = 46;
	objects = {

/* Begin PBXBuildFile section */
		98F228FB1BA66FD700873539 /* main.m in Sources */ = {isa = PBXBuildFile; fileRef = 98F228FA1BA66FD700873539 /* main.m */; };
		98F228FE1BA66FD700873539 /* AppDelegate.m in Sources */ = {isa = PBXBuildFile; fileRef = 98F228FD1BA66FD700873539 /* AppDelegate.m */; };
		98F229011BA66FD700873539 /* ViewController.m in Sources */ = {isa = PBXBuildFile; fileRef = 98F229001BA66FD700873539 /* ViewController.m */; };
		98F229041BA66FD800873539 /* Main.storyboard in Resources */ = {isa = PBXBuildFile; fileRef = 98F229021BA66FD800873539 /* Main.storyboard */; };
		98F229061BA66FD800873539 /* Images.xcassets in Resources */ = {isa = PBXBuildFile; fileRef = 98F229051BA66FD800873539 /* Images.xcassets */; };
		98F229091BA66FD800873539 /* LaunchScreen.xib in Resources */ = {isa = PBXBuildFile; fileRef = 98F229071BA66FD800873539 /* LaunchScreen.xib */; };
		98F229151BA66FD800873539 /* JovisConfirmViewProjTests.m in Sources */ = {isa = PBXBuildFile; fileRef = 98F229141BA66FD800873539 /* JovisConfirmViewProjTests.m */; };
		98F229241BA672A400873539 /* JovisConfirmView.m in Sources */ = {isa = PBXBuildFile; fileRef = 98F229231BA672A400873539 /* JovisConfirmView.m */; };
/* End PBXBuildFile section */

/* Begin PBXContainerItemProxy section */
		98F2290F1BA66FD800873539 /* PBXContainerItemProxy */ = {
			isa = PBXContainerItemProxy;
			containerPortal = 98F228ED1BA66FD700873539 /* Project object */;
			proxyType = 1;
			remoteGlobalIDString = 98F228F41BA66FD700873539;
			remoteInfo = JovisConfirmViewProj;
		};
/* End PBXContainerItemProxy section */

/* Begin PBXFileReference section */
		98F228F51BA66FD700873539 /* JovisConfirmViewProj.app */ = {isa = PBXFileReference; explicitFileType = wrapper.application; includeInIndex = 0; path = JovisConfirmViewProj.app; sourceTree = BUILT_PRODUCTS_DIR; };
		98F228F91BA66FD700873539 /* Info.plist */ = {isa = PBXFileReference; lastKnownFileType = text.plist.xml; path = Info.plist; sourceTree = "<group>"; };
		98F228FA1BA66FD700873539 /* main.m */ = {isa = PBXFileReference; lastKnownFileType = sourcecode.c.objc; path = main.m; sourceTree = "<group>"; };
		98F228FC1BA66FD700873539 /* AppDelegate.h */ = {isa = PBXFileReference; lastKnownFileType = sourcecode.c.h; path = AppDelegate.h; sourceTree = "<group>"; };
		98F228FD1BA66FD700873539 /* AppDelegate.m */ = {isa = PBXFileReference; lastKnownFileType = sourcecode.c.objc; path = AppDelegate.m; sourceTree = "<group>"; };
		98F228FF1BA66FD700873539 /* ViewController.h */ = {isa = PBXFileReference; lastKnownFileType = sourcecode.c.h; path = ViewController.h; sourceTree = "<group>"; };
		98F229001BA66FD700873539 /* ViewController.m */ = {isa = PBXFileReference; lastKnownFileType = sourcecode.c.objc; path = ViewController.m; sourceTree = "<group>"; };
		98F229031BA66FD800873539 /* Base */ = {isa = PBXFileReference; lastKnownFileType = file.storyboard; name = Base; path = Base.lproj/Main.storyboard; sourceTree = "<group>"; };
		98F229051BA66FD800873539 /* Images.xcassets */ = {isa = PBXFileReference; lastKnownFileType = folder.assetcatalog; path = Images.xcassets; sourceTree = "<group>"; };
		98F229081BA66FD800873539 /* Base */ = {isa = PBXFileReference; lastKnownFileType = file.xib; name = Base; path = Base.lproj/LaunchScreen.xib; sourceTree = "<group>"; };
		98F2290E1BA66FD800873539 /* JovisConfirmViewProjTests.xctest */ = {isa = PBXFileReference; explicitFileType = wrapper.cfbundle; includeInIndex = 0; path = JovisConfirmViewProjTests.xctest; sourceTree = BUILT_PRODUCTS_DIR; };
		98F229131BA66FD800873539 /* Info.plist */ = {isa = PBXFileReference; lastKnownFileType = text.plist.xml; path = Info.plist; sourceTree = "<group>"; };
		98F229141BA66FD800873539 /* JovisConfirmViewProjTests.m */ = {isa = PBXFileReference; lastKnownFileType = sourcecode.c.objc; path = JovisConfirmViewProjTests.m; sourceTree = "<group>"; };
		98F229221BA672A400873539 /* JovisConfirmView.h */ = {isa = PBXFileReference; fileEncoding = 4; lastKnownFileType = sourcecode.c.h; path = JovisConfirmView.h; sourceTree = "<group>"; };
		98F229231BA672A400873539 /* JovisConfirmView.m */ = {isa = PBXFileReference; fileEncoding = 4; lastKnownFileType = sourcecode.c.objc; path = JovisConfirmView.m; sourceTree = "<group>"; };
/* End PBXFileReference section */

/* Begin PBXFrameworksBuildPhase section */
		98F228F21BA66FD700873539 /* Frameworks */ = {
			isa = PBXFrameworksBuildPhase;
			buildActionMask = 2147483647;
			files = (
			);
			runOnlyForDeploymentPostprocessing = 0;
		};
		98F2290B1BA66FD800873539 /* Frameworks */ = {
			isa = PBXFrameworksBuildPhase;
			buildActionMask = 2147483647;
			files = (
			);
			runOnlyForDeploymentPostprocessing = 0;
		};
/* End PBXFrameworksBuildPhase section */

/* Begin PBXGroup section */
		98F228EC1BA66FD700873539 = {
			isa = PBXGroup;
			children = (
				98F228F71BA66FD700873539 /* JovisConfirmViewProj */,
				98F229111BA66FD800873539 /* JovisConfirmViewProjTests */,
				98F228F61BA66FD700873539 /* Products */,
			);
			sourceTree = "<group>";
		};
		98F228F61BA66FD700873539 /* Products */ = {
			isa = PBXGroup;
			children = (
				98F228F51BA66FD700873539 /* JovisConfirmViewProj.app */,
				98F2290E1BA66FD800873539 /* JovisConfirmViewProjTests.xctest */,
			);
			name = Products;
			sourceTree = "<group>";
		};
		98F228F71BA66FD700873539 /* JovisConfirmViewProj */ = {
			isa = PBXGroup;
			children = (
				98F229211BA672A400873539 /* JovisConfirmView */,
				98F228FC1BA66FD700873539 /* AppDelegate.h */,
				98F228FD1BA66FD700873539 /* AppDelegate.m */,
				98F228FF1BA66FD700873539 /* ViewController.h */,
				98F229001BA66FD700873539 /* ViewController.m */,
				98F229021BA66FD800873539 /* Main.storyboard */,
				98F229051BA66FD800873539 /* Images.xcassets */,
				98F229071BA66FD800873539 /* LaunchScreen.xib */,
				98F228F81BA66FD700873539 /* Supporting Files */,
			);
			path = JovisConfirmViewProj;
			sourceTree = "<group>";
		};
		98F228F81BA66FD700873539 /* Supporting Files */ = {
			isa = PBXGroup;
			children = (
				98F228F91BA66FD700873539 /* Info.plist */,
				98F228FA1BA66FD700873539 /* main.m */,
			);
			name = "Supporting Files";
			sourceTree = "<group>";
		};
		98F229111BA66FD800873539 /* JovisConfirmViewProjTests */ = {
			isa = PBXGroup;
			children = (
				98F229141BA66FD800873539 /* JovisConfirmViewProjTests.m */,
				98F229121BA66FD800873539 /* Supporting Files */,
			);
			path = JovisConfirmViewProjTests;
			sourceTree = "<group>";
		};
		98F229121BA66FD800873539 /* Supporting Files */ = {
			isa = PBXGroup;
			children = (
				98F229131BA66FD800873539 /* Info.plist */,
			);
			name = "Supporting Files";
			sourceTree = "<group>";
		};
		98F229211BA672A400873539 /* JovisConfirmView */ = {
			isa = PBXGroup;
			children = (
				98F229221BA672A400873539 /* JovisConfirmView.h */,
				98F229231BA672A400873539 /* JovisConfirmView.m */,
			);
			name = JovisConfirmView;
			path = ../../JovisConfirmView;
			sourceTree = "<group>";
		};
/* End PBXGroup section */

/* Begin PBXNativeTarget section */
		98F228F41BA66FD700873539 /* JovisConfirmViewProj */ = {
			isa = PBXNativeTarget;
			buildConfigurationList = 98F229181BA66FD800873539 /* Build configuration list for PBXNativeTarget "JovisConfirmViewProj" */;
			buildPhases = (
				98F228F11BA66FD700873539 /* Sources */,
				98F228F21BA66FD700873539 /* Frameworks */,
				98F228F31BA66FD700873539 /* Resources */,
			);
			buildRules = (
			);
			dependencies = (
			);
			name = JovisConfirmViewProj;
			productName = JovisConfirmViewProj;
			productReference = 98F228F51BA66FD700873539 /* JovisConfirmViewProj.app */;
			productType = "com.apple.product-type.application";
		};
		98F2290D1BA66FD800873539 /* JovisConfirmViewProjTests */ = {
			isa = PBXNativeTarget;
			buildConfigurationList = 98F2291B1BA66FD800873539 /* Build configuration list for PBXNativeTarget "JovisConfirmViewProjTests" */;
			buildPhases = (
				98F2290A1BA66FD800873539 /* Sources */,
				98F2290B1BA66FD800873539 /* Frameworks */,
				98F2290C1BA66FD800873539 /* Resources */,
			);
			buildRules = (
			);
			dependencies = (
				98F229101BA66FD800873539 /* PBXTargetDependency */,
			);
			name = JovisConfirmViewProjTests;
			productName = JovisConfirmViewProjTests;
			productReference = 98F2290E1BA66FD800873539 /* JovisConfirmViewProjTests.xctest */;
			productType = "com.apple.product-type.bundle.unit-test";
		};
/* End PBXNativeTarget section */

/* Begin PBXProject section */
		98F228ED1BA66FD700873539 /* Project object */ = {
			isa = PBXProject;
			attributes = {
				LastUpgradeCheck = 0640;
				ORGANIZATIONNAME = Jovistudio;
				TargetAttributes = {
					98F228F41BA66FD700873539 = {
						CreatedOnToolsVersion = 6.4;
					};
					98F2290D1BA66FD800873539 = {
						CreatedOnToolsVersion = 6.4;
						TestTargetID = 98F228F41BA66FD700873539;
					};
				};
			};
			buildConfigurationList = 98F228F01BA66FD700873539 /* Build configuration list for PBXProject "JovisConfirmViewProj" */;
			compatibilityVersion = "Xcode 3.2";
			developmentRegion = English;
			hasScannedForEncodings = 0;
			knownRegions = (
				en,
				Base,
			);
			mainGroup = 98F228EC1BA66FD700873539;
			productRefGroup = 98F228F61BA66FD700873539 /* Products */;
			projectDirPath = "";
			projectRoot = "";
			targets = (
				98F228F41BA66FD700873539 /* JovisConfirmViewProj */,
				98F2290D1BA66FD800873539 /* JovisConfirmViewProjTests */,
			);
		};
/* End PBXProject section */

/* Begin PBXResourcesBuildPhase section */
		98F228F31BA66FD700873539 /* Resources */ = {
			isa = PBXResourcesBuildPhase;
			buildActionMask = 2147483647;
			files = (
				98F229041BA66FD800873539 /* Main.storyboard in Resources */,
				98F229091BA66FD800873539 /* LaunchScreen.xib in Resources */,
				98F229061BA66FD800873539 /* Images.xcassets in Resources */,
			);
			runOnlyForDeploymentPostprocessing = 0;
		};
		98F2290C1BA66FD800873539 /* Resources */ = {
			isa = PBXResourcesBuildPhase;
			buildActionMask = 2147483647;
			files = (
			);
			runOnlyForDeploymentPostprocessing = 0;
		};
/* End PBXResourcesBuildPhase section */

/* Begin PBXSourcesBuildPhase section */
		98F228F11BA66FD700873539 /* Sources */ = {
			isa = PBXSourcesBuildPhase;
			buildActionMask = 2147483647;
			files = (
				98F229011BA66FD700873539 /* ViewController.m in Sources */,
				98F229241BA672A400873539 /* JovisConfirmView.m in Sources */,
				98F228FE1BA66FD700873539 /* AppDelegate.m in Sources */,
				98F228FB1BA66FD700873539 /* main.m in Sources */,
			);
			runOnlyForDeploymentPostprocessing = 0;
		};
		98F2290A1BA66FD800873539 /* Sources */ = {
			isa = PBXSourcesBuildPhase;
			buildActionMask = 2147483647;
			files = (
				98F229151BA66FD800873539 /* JovisConfirmViewProjTests.m in Sources */,
			);
			runOnlyForDeploymentPostprocessing = 0;
		};
/* End PBXSourcesBuildPhase section */

/* Begin PBXTargetDependency section */
		98F229101BA66FD800873539 /* PBXTargetDependency */ = {
			isa = PBXTargetDependency;
			target = 98F228F41BA66FD700873539 /* JovisConfirmViewProj */;
			targetProxy = 98F2290F1BA66FD800873539 /* PBXContainerItemProxy */;
		};
/* End PBXTargetDependency section */

/* Begin PBXVariantGroup section */
		98F229021BA66FD800873539 /* Main.storyboard */ = {
			isa = PBXVariantGroup;
			children = (
				98F229031BA66FD800873539 /* Base */,
			);
			name = Main.storyboard;
			sourceTree = "<group>";
		};
		98F229071BA66FD800873539 /* LaunchScreen.xib */ = {
			isa = PBXVariantGroup;
			children = (
				98F229081BA66FD800873539 /* Base */,
			);
			name = LaunchScreen.xib;
			sourceTree = "<group>";
		};
/* End PBXVariantGroup section */

/* Begin XCBuildConfiguration section */
		98F229161BA66FD800873539 /* Debug */ = {
			isa = XCBuildConfiguration;
			buildSettings = {
				ALWAYS_SEARCH_USER_PATHS = NO;
				CLANG_CXX_LANGUAGE_STANDARD = "gnu++0x";
				CLANG_CXX_LIBRARY = "libc++";
				CLANG_ENABLE_MODULES = YES;
				CLANG_ENABLE_OBJC_ARC = YES;
				CLANG_WARN_BOOL_CONVERSION = YES;
				CLANG_WARN_CONSTANT_CONVERSION = YES;
				CLANG_WARN_DIRECT_OBJC_ISA_USAGE = YES_ERROR;
				CLANG_WARN_EMPTY_BODY = YES;
				CLANG_WARN_ENUM_CONVERSION = YES;
				CLANG_WARN_INT_CONVERSION = YES;
				CLANG_WARN_OBJC_ROOT_CLASS = YES_ERROR;
				CLANG_WARN_UNREACHABLE_CODE = YES;
				CLANG_WARN__DUPLICATE_METHOD_MATCH = YES;
				"CODE_SIGN_IDENTITY[sdk=iphoneos*]" = "iPhone Developer";
				COPY_PHASE_STRIP = NO;
				DEBUG_INFORMATION_FORMAT = "dwarf-with-dsym";
				ENABLE_STRICT_OBJC_MSGSEND = YES;
				GCC_C_LANGUAGE_STANDARD = gnu99;
				GCC_DYNAMIC_NO_PIC = NO;
				GCC_NO_COMMON_BLOCKS = YES;
				GCC_OPTIMIZATION_LEVEL = 0;
				GCC_PREPROCESSOR_DEFINITIONS = (
					"DEBUG=1",
					"$(inherited)",
				);
				GCC_SYMBOLS_PRIVATE_EXTERN = NO;
				GCC_WARN_64_TO_32_BIT_CONVERSION = YES;
				GCC_WARN_ABOUT_RETURN_TYPE = YES_ERROR;
				GCC_WARN_UNDECLARED_SELECTOR = YES;
				GCC_WARN_UNINITIALIZED_AUTOS = YES_AGGRESSIVE;
				GCC_WARN_UNUSED_FUNCTION = YES;
				GCC_WARN_UNUSED_VARIABLE = YES;
				IPHONEOS_DEPLOYMENT_TARGET = 8.4;
				MTL_ENABLE_DEBUG_INFO = YES;
				ONLY_ACTIVE_ARCH = YES;
				SDKROOT = iphoneos;
				TARGETED_DEVICE_FAMILY = "1,2";
			};
			name = Debug;
		};
		98F229171BA66FD800873539 /* Release */ = {
			isa = XCBuildConfiguration;
			buildSettings = {
				ALWAYS_SEARCH_USER_PATHS = NO;
				CLANG_CXX_LANGUAGE_STANDARD = "gnu++0x";
				CLANG_CXX_LIBRARY = "libc++";
				CLANG_ENABLE_MODULES = YES;
				CLANG_ENABLE_OBJC_ARC = YES;
				CLANG_WARN_BOOL_CONVERSION = YES;
				CLANG_WARN_CONSTANT_CONVERSION = YES;
				CLANG_WARN_DIRECT_OBJC_ISA_USAGE = YES_ERROR;
				CLANG_WARN_EMPTY_BODY = YES;
				CLANG_WARN_ENUM_CONVERSION = YES;
				CLANG_WARN_INT_CONVERSION = YES;
				CLANG_WARN_OBJC_ROOT_CLASS = YES_ERROR;
				CLANG_WARN_UNREACHABLE_CODE = YES;
				CLANG_WARN__DUPLICATE_METHOD_MATCH = YES;
				"CODE_SIGN_IDENTITY[sdk=iphoneos*]" = "iPhone Developer";
				COPY_PHASE_STRIP = NO;
				DEBUG_INFORMATION_FORMAT = "dwarf-with-dsym";
				ENABLE_NS_ASSERTIONS = NO;
				ENABLE_STRICT_OBJC_MSGSEND = YES;
				GCC_C_LANGUAGE_STANDARD = gnu99;
				GCC_NO_COMMON_BLOCKS = YES;
				GCC_WARN_64_TO_32_BIT_CONVERSION = YES;
				GCC_WARN_ABOUT_RETURN_TYPE = YES_ERROR;
				GCC_WARN_UNDECLARED_SELECTOR = YES;
				GCC_WARN_UNINITIALIZED_AUTOS = YES_AGGRESSIVE;
				GCC_WARN_UNUSED_FUNCTION = YES;
				GCC_WARN_UNUSED_VARIABLE = YES;
				IPHONEOS_DEPLOYMENT_TARGET = 8.4;
				MTL_ENABLE_DEBUG_INFO = NO;
				SDKROOT = iphoneos;
				TARGETED_DEVICE_FAMILY = "1,2";
				VALIDATE_PRODUCT = YES;
			};
			name = Release;
		};
		98F229191BA66FD800873539 /* Debug */ = {
			isa = XCBuildConfiguration;
			buildSettings = {
				ALWAYS_SEARCH_USER_PATHS = YES;
				ASSETCATALOG_COMPILER_APPICON_NAME = AppIcon;
				INFOPLIST_FILE = JovisConfirmViewProj/Info.plist;
				LD_RUNPATH_SEARCH_PATHS = "$(inherited) @executable_path/Frameworks";
				LIBRARY_SEARCH_PATHS = "$(SRCROOT)/../JovisConfirmView/";
				PRODUCT_NAME = "$(TARGET_NAME)";
				USER_HEADER_SEARCH_PATHS = "$(SRCROOT)/../JovisConfirmView/";
			};
			name = Debug;
		};
		98F2291A1BA66FD800873539 /* Release */ = {
			isa = XCBuildConfiguration;
			buildSettings = {
				ALWAYS_SEARCH_USER_PATHS = YES;
				ASSETCATALOG_COMPILER_APPICON_NAME = AppIcon;
				INFOPLIST_FILE = JovisConfirmViewProj/Info.plist;
				LD_RUNPATH_SEARCH_PATHS = "$(inherited) @executable_path/Frameworks";
				LIBRARY_SEARCH_PATHS = "$(SRCROOT)/../JovisConfirmView/";
				PRODUCT_NAME = "$(TARGET_NAME)";
				USER_HEADER_SEARCH_PATHS = "$(SRCROOT)/../JovisConfirmView/";
			};
			name = Release;
		};
		98F2291C1BA66FD800873539 /* Debug */ = {
			isa = XCBuildConfiguration;
			buildSettings = {
				BUNDLE_LOADER = "$(TEST_HOST)";
				FRAMEWORK_SEARCH_PATHS = (
					"$(SDKROOT)/Developer/Library/Frameworks",
					"$(inherited)",
				);
				GCC_PREPROCESSOR_DEFINITIONS = (
					"DEBUG=1",
					"$(inherited)",
				);
				INFOPLIST_FILE = JovisConfirmViewProjTests/Info.plist;
				LD_RUNPATH_SEARCH_PATHS = "$(inherited) @executable_path/Frameworks @loader_path/Frameworks";
				PRODUCT_NAME = "$(TARGET_NAME)";
				TEST_HOST = "$(BUILT_PRODUCTS_DIR)/JovisConfirmViewProj.app/JovisConfirmViewProj";
			};
			name = Debug;
		};
		98F2291D1BA66FD800873539 /* Release */ = {
			isa = XCBuildConfiguration;
			buildSettings = {
				BUNDLE_LOADER = "$(TEST_HOST)";
				FRAMEWORK_SEARCH_PATHS = (
					"$(SDKROOT)/Developer/Library/Frameworks",
					"$(inherited)",
				);
				INFOPLIST_FILE = JovisConfirmViewProjTests/Info.plist;
				LD_RUNPATH_SEARCH_PATHS = "$(inherited) @executable_path/Frameworks @loader_path/Frameworks";
				PRODUCT_NAME = "$(TARGET_NAME)";
				TEST_HOST = "$(BUILT_PRODUCTS_DIR)/JovisConfirmViewProj.app/JovisConfirmViewProj";
			};
			name = Release;
		};
/* End XCBuildConfiguration section */

/* Begin XCConfigurationList section */
		98F228F01BA66FD700873539 /* Build configuration list for PBXProject "JovisConfirmViewProj" */ = {
			isa = XCConfigurationList;
			buildConfigurations = (
				98F229161BA66FD800873539 /* Debug */,
				98F229171BA66FD800873539 /* Release */,
			);
			defaultConfigurationIsVisible = 0;
			defaultConfigurationName = Release;
		};
		98F229181BA66FD800873539 /* Build configuration list for PBXNativeTarget "JovisConfirmViewProj" */ = {
			isa = XCConfigurationList;
			buildConfigurations = (
				98F229191BA66FD800873539 /* Debug */,
				98F2291A1BA66FD800873539 /* Release */,
			);
			defaultConfigurationIsVisible = 0;
		};
		98F2291B1BA66FD800873539 /* Build configuration list for PBXNativeTarget "JovisConfirmViewProjTests" */ = {
			isa = XCConfigurationList;
			buildConfigurations = (
				98F2291C1BA66FD800873539 /* Debug */,
				98F2291D1BA66FD800873539 /* Release */,
			);
			defaultConfigurationIsVisible = 0;
		};
/* End XCConfigurationList section */
	};
	rootObject = 98F228ED1BA66FD700873539 /* Project object */;
}
